
Microsoft Visual Studio Solution File, Format Version 12.00
Project("{F2A71F9B-5D33-465A-A702-920D77279786}") = "tezos_interaction", "tezos_interaction\tezos_interaction.fsproj", "{967D50F2-C5A7-4C37-A842-7336FFF375F4}"
EndProject
Global
	GlobalSection(SolutionConfigurationPlatforms) = preSolution
		Debug|Any CPU = Debug|Any CPU
		Release|Any CPU = Release|Any CPU
	EndGlobalSection
	GlobalSection(ProjectConfigurationPlatforms) = postSolution
		{967D50F2-C5A7-4C37-A842-7336FFF375F4}.Debug|Any CPU.ActiveCfg = Debug|Any CPU
		{967D50F2-C5A7-4C37-A842-7336FFF375F4}.Debug|Any CPU.Build.0 = Debug|Any CPU
		{967D50F2-C5A7-4C37-A842-7336FFF375F4}.Release|Any CPU.ActiveCfg = Release|Any CPU
		{967D50F2-C5A7-4C37-A842-7336FFF375F4}.Release|Any CPU.Build.0 = Release|Any CPU
	EndGlobalSection
EndGlobal
